
Microsoft Visual Studio Solution File, Format Version 12.00
# Visual Studio 15
VisualStudioVersion = 15.0.26124.0
MinimumVisualStudioVersion = 15.0.26124.0
Project("{FAE04EC0-301F-11D3-BF4B-00C04F79EFBC}") = "PrimeService", "PrimeService\PrimeService.csproj", "{E21C80AF-A7FF-4309-825B-23B88A6CA197}"
EndProject
Project("{FAE04EC0-301F-11D3-BF4B-00C04F79EFBC}") = "PrimeService.Tests", "PrimeService.Tests\PrimeService.Tests.csproj", "{4A5DE131-192B-43F6-8B14-D9ECC52F1815}"
EndProject
Global
	GlobalSection(SolutionConfigurationPlatforms) = preSolution
		Debug|Any CPU = Debug|Any CPU
		Debug|x64 = Debug|x64
		Debug|x86 = Debug|x86
		Release|Any CPU = Release|Any CPU
		Release|x64 = Release|x64
		Release|x86 = Release|x86
	EndGlobalSection
	GlobalSection(SolutionProperties) = preSolution
		HideSolutionNode = FALSE
	EndGlobalSection
	GlobalSection(ProjectConfigurationPlatforms) = postSolution
		{E21C80AF-A7FF-4309-825B-23B88A6CA197}.Debug|Any CPU.ActiveCfg = Debug|Any CPU
		{E21C80AF-A7FF-4309-825B-23B88A6CA197}.Debug|Any CPU.Build.0 = Debug|Any CPU
		{E21C80AF-A7FF-4309-825B-23B88A6CA197}.Debug|x64.ActiveCfg = Debug|Any CPU
		{E21C80AF-A7FF-4309-825B-23B88A6CA197}.Debug|x64.Build.0 = Debug|Any CPU
		{E21C80AF-A7FF-4309-825B-23B88A6CA197}.Debug|x86.ActiveCfg = Debug|Any CPU
		{E21C80AF-A7FF-4309-825B-23B88A6CA197}.Debug|x86.Build.0 = Debug|Any CPU
		{E21C80AF-A7FF-4309-825B-23B88A6CA197}.Release|Any CPU.ActiveCfg = Release|Any CPU
		{E21C80AF-A7FF-4309-825B-23B88A6CA197}.Release|Any CPU.Build.0 = Release|Any CPU
		{E21C80AF-A7FF-4309-825B-23B88A6CA197}.Release|x64.ActiveCfg = Release|Any CPU
		{E21C80AF-A7FF-4309-825B-23B88A6CA197}.Release|x64.Build.0 = Release|Any CPU
		{E21C80AF-A7FF-4309-825B-23B88A6CA197}.Release|x86.ActiveCfg = Release|Any CPU
		{E21C80AF-A7FF-4309-825B-23B88A6CA197}.Release|x86.Build.0 = Release|Any CPU
		{4A5DE131-192B-43F6-8B14-D9ECC52F1815}.Debug|Any CPU.ActiveCfg = Debug|Any CPU
		{4A5DE131-192B-43F6-8B14-D9ECC52F1815}.Debug|Any CPU.Build.0 = Debug|Any CPU
		{4A5DE131-192B-43F6-8B14-D9ECC52F1815}.Debug|x64.ActiveCfg = Debug|Any CPU
		{4A5DE131-192B-43F6-8B14-D9ECC52F1815}.Debug|x64.Build.0 = Debug|Any CPU
		{4A5DE131-192B-43F6-8B14-D9ECC52F1815}.Debug|x86.ActiveCfg = Debug|Any CPU
		{4A5DE131-192B-43F6-8B14-D9ECC52F1815}.Debug|x86.Build.0 = Debug|Any CPU
		{4A5DE131-192B-43F6-8B14-D9ECC52F1815}.Release|Any CPU.ActiveCfg = Release|Any CPU
		{4A5DE131-192B-43F6-8B14-D9ECC52F1815}.Release|Any CPU.Build.0 = Release|Any CPU
		{4A5DE131-192B-43F6-8B14-D9ECC52F1815}.Release|x64.ActiveCfg = Release|Any CPU
		{4A5DE131-192B-43F6-8B14-D9ECC52F1815}.Release|x64.Build.0 = Release|Any CPU
		{4A5DE131-192B-43F6-8B14-D9ECC52F1815}.Release|x86.ActiveCfg = Release|Any CPU
		{4A5DE131-192B-43F6-8B14-D9ECC52F1815}.Release|x86.Build.0 = Release|Any CPU
	EndGlobalSection
EndGlobal
